// !$*UTF8*$!
{
	archiveVersion = 1;
	classes = {
	};
	objectVersion = 46;
	objects = {

/* Begin PBXBuildFile section */
		41F5C7E41AC12979003504C5 /* AppDelegate.swift in Sources */ = {isa = PBXBuildFile; fileRef = 41F5C7E31AC12979003504C5 /* AppDelegate.swift */; };
		41F5C7E61AC12979003504C5 /* Images.xcassets in Resources */ = {isa = PBXBuildFile; fileRef = 41F5C7E51AC12979003504C5 /* Images.xcassets */; };
		41F5C7E91AC12979003504C5 /* MainMenu.xib in Resources */ = {isa = PBXBuildFile; fileRef = 41F5C7E71AC12979003504C5 /* MainMenu.xib */; };
		41F5C7F51AC12979003504C5 /* SwiftFSWatcherTests.swift in Sources */ = {isa = PBXBuildFile; fileRef = 41F5C7F41AC12979003504C5 /* SwiftFSWatcherTests.swift */; };
		41F5C8011AC129B7003504C5 /* SwiftFSWatcher.m in Sources */ = {isa = PBXBuildFile; fileRef = 41F5C8001AC129B7003504C5 /* SwiftFSWatcher.m */; };
/* End PBXBuildFile section */

/* Begin PBXContainerItemProxy section */
		41F5C7EF1AC12979003504C5 /* PBXContainerItemProxy */ = {
			isa = PBXContainerItemProxy;
			containerPortal = 41F5C7D61AC12979003504C5 /* Project object */;
			proxyType = 1;
			remoteGlobalIDString = 41F5C7DD1AC12979003504C5;
			remoteInfo = SwiftFSWatcher;
		};
/* End PBXContainerItemProxy section */

/* Begin PBXFileReference section */
		41F5C7DE1AC12979003504C5 /* SwiftFSWatcher.app */ = {isa = PBXFileReference; explicitFileType = wrapper.application; includeInIndex = 0; path = SwiftFSWatcher.app; sourceTree = BUILT_PRODUCTS_DIR; };
		41F5C7E21AC12979003504C5 /* Info.plist */ = {isa = PBXFileReference; lastKnownFileType = text.plist.xml; path = Info.plist; sourceTree = "<group>"; };
		41F5C7E31AC12979003504C5 /* AppDelegate.swift */ = {isa = PBXFileReference; lastKnownFileType = sourcecode.swift; path = AppDelegate.swift; sourceTree = "<group>"; };
		41F5C7E51AC12979003504C5 /* Images.xcassets */ = {isa = PBXFileReference; lastKnownFileType = folder.assetcatalog; path = Images.xcassets; sourceTree = "<group>"; };
		41F5C7E81AC12979003504C5 /* Base */ = {isa = PBXFileReference; lastKnownFileType = file.xib; name = Base; path = Base.lproj/MainMenu.xib; sourceTree = "<group>"; };
		41F5C7EE1AC12979003504C5 /* SwiftFSWatcherTests.xctest */ = {isa = PBXFileReference; explicitFileType = wrapper.cfbundle; includeInIndex = 0; path = SwiftFSWatcherTests.xctest; sourceTree = BUILT_PRODUCTS_DIR; };
		41F5C7F31AC12979003504C5 /* Info.plist */ = {isa = PBXFileReference; lastKnownFileType = text.plist.xml; path = Info.plist; sourceTree = "<group>"; };
		41F5C7F41AC12979003504C5 /* SwiftFSWatcherTests.swift */ = {isa = PBXFileReference; lastKnownFileType = sourcecode.swift; path = SwiftFSWatcherTests.swift; sourceTree = "<group>"; };
		41F5C7FF1AC129B7003504C5 /* SwiftFSWatcher.h */ = {isa = PBXFileReference; fileEncoding = 4; lastKnownFileType = sourcecode.c.h; path = SwiftFSWatcher.h; sourceTree = "<group>"; };
		41F5C8001AC129B7003504C5 /* SwiftFSWatcher.m */ = {isa = PBXFileReference; fileEncoding = 4; lastKnownFileType = sourcecode.c.objc; path = SwiftFSWatcher.m; sourceTree = "<group>"; };
		41F5C8021AC12AB1003504C5 /* Bridging-Header.h */ = {isa = PBXFileReference; lastKnownFileType = sourcecode.c.h; path = "Bridging-Header.h"; sourceTree = "<group>"; };
/* End PBXFileReference section */

/* Begin PBXFrameworksBuildPhase section */
		41F5C7DB1AC12979003504C5 /* Frameworks */ = {
			isa = PBXFrameworksBuildPhase;
			buildActionMask = 2147483647;
			files = (
			);
			runOnlyForDeploymentPostprocessing = 0;
		};
		41F5C7EB1AC12979003504C5 /* Frameworks */ = {
			isa = PBXFrameworksBuildPhase;
			buildActionMask = 2147483647;
			files = (
			);
			runOnlyForDeploymentPostprocessing = 0;
		};
/* End PBXFrameworksBuildPhase section */

/* Begin PBXGroup section */
		41F5C7D51AC12979003504C5 = {
			isa = PBXGroup;
			children = (
				41F5C7E01AC12979003504C5 /* SwiftFSWatcher */,
				41F5C7F11AC12979003504C5 /* SwiftFSWatcherTests */,
				41F5C7DF1AC12979003504C5 /* Products */,
			);
			sourceTree = "<group>";
		};
		41F5C7DF1AC12979003504C5 /* Products */ = {
			isa = PBXGroup;
			children = (
				41F5C7DE1AC12979003504C5 /* SwiftFSWatcher.app */,
				41F5C7EE1AC12979003504C5 /* SwiftFSWatcherTests.xctest */,
			);
			name = Products;
			sourceTree = "<group>";
		};
		41F5C7E01AC12979003504C5 /* SwiftFSWatcher */ = {
			isa = PBXGroup;
			children = (
				41F5C7FE1AC12995003504C5 /* Sources */,
				41F5C7E31AC12979003504C5 /* AppDelegate.swift */,
				41F5C7E51AC12979003504C5 /* Images.xcassets */,
				41F5C7E71AC12979003504C5 /* MainMenu.xib */,
				41F5C7E11AC12979003504C5 /* Supporting Files */,
				41F5C8021AC12AB1003504C5 /* Bridging-Header.h */,
			);
			path = SwiftFSWatcher;
			sourceTree = "<group>";
		};
		41F5C7E11AC12979003504C5 /* Supporting Files */ = {
			isa = PBXGroup;
			children = (
				41F5C7E21AC12979003504C5 /* Info.plist */,
			);
			name = "Supporting Files";
			sourceTree = "<group>";
		};
		41F5C7F11AC12979003504C5 /* SwiftFSWatcherTests */ = {
			isa = PBXGroup;
			children = (
				41F5C7F41AC12979003504C5 /* SwiftFSWatcherTests.swift */,
				41F5C7F21AC12979003504C5 /* Supporting Files */,
			);
			path = SwiftFSWatcherTests;
			sourceTree = "<group>";
		};
		41F5C7F21AC12979003504C5 /* Supporting Files */ = {
			isa = PBXGroup;
			children = (
				41F5C7F31AC12979003504C5 /* Info.plist */,
			);
			name = "Supporting Files";
			sourceTree = "<group>";
		};
		41F5C7FE1AC12995003504C5 /* Sources */ = {
			isa = PBXGroup;
			children = (
				41F5C7FF1AC129B7003504C5 /* SwiftFSWatcher.h */,
				41F5C8001AC129B7003504C5 /* SwiftFSWatcher.m */,
			);
			name = Sources;
			sourceTree = "<group>";
		};
/* End PBXGroup section */

/* Begin PBXNativeTarget section */
		41F5C7DD1AC12979003504C5 /* SwiftFSWatcher */ = {
			isa = PBXNativeTarget;
			buildConfigurationList = 41F5C7F81AC12979003504C5 /* Build configuration list for PBXNativeTarget "SwiftFSWatcher" */;
			buildPhases = (
				41F5C7DA1AC12979003504C5 /* Sources */,
				41F5C7DB1AC12979003504C5 /* Frameworks */,
				41F5C7DC1AC12979003504C5 /* Resources */,
			);
			buildRules = (
			);
			dependencies = (
			);
			name = SwiftFSWatcher;
			productName = SwiftFSWatcher;
			productReference = 41F5C7DE1AC12979003504C5 /* SwiftFSWatcher.app */;
			productType = "com.apple.product-type.application";
		};
		41F5C7ED1AC12979003504C5 /* SwiftFSWatcherTests */ = {
			isa = PBXNativeTarget;
			buildConfigurationList = 41F5C7FB1AC12979003504C5 /* Build configuration list for PBXNativeTarget "SwiftFSWatcherTests" */;
			buildPhases = (
				41F5C7EA1AC12979003504C5 /* Sources */,
				41F5C7EB1AC12979003504C5 /* Frameworks */,
				41F5C7EC1AC12979003504C5 /* Resources */,
			);
			buildRules = (
			);
			dependencies = (
				41F5C7F01AC12979003504C5 /* PBXTargetDependency */,
			);
			name = SwiftFSWatcherTests;
			productName = SwiftFSWatcherTests;
			productReference = 41F5C7EE1AC12979003504C5 /* SwiftFSWatcherTests.xctest */;
			productType = "com.apple.product-type.bundle.unit-test";
		};
/* End PBXNativeTarget section */

/* Begin PBXProject section */
		41F5C7D61AC12979003504C5 /* Project object */ = {
			isa = PBXProject;
			attributes = {
				LastUpgradeCheck = 0620;
				ORGANIZATIONNAME = "Gurinder Hans";
				TargetAttributes = {
					41F5C7DD1AC12979003504C5 = {
						CreatedOnToolsVersion = 6.2;
					};
					41F5C7ED1AC12979003504C5 = {
						CreatedOnToolsVersion = 6.2;
						TestTargetID = 41F5C7DD1AC12979003504C5;
					};
				};
			};
			buildConfigurationList = 41F5C7D91AC12979003504C5 /* Build configuration list for PBXProject "SwiftFSWatcher" */;
			compatibilityVersion = "Xcode 3.2";
			developmentRegion = English;
			hasScannedForEncodings = 0;
			knownRegions = (
				en,
				Base,
			);
			mainGroup = 41F5C7D51AC12979003504C5;
			productRefGroup = 41F5C7DF1AC12979003504C5 /* Products */;
			projectDirPath = "";
			projectRoot = "";
			targets = (
				41F5C7DD1AC12979003504C5 /* SwiftFSWatcher */,
				41F5C7ED1AC12979003504C5 /* SwiftFSWatcherTests */,
			);
		};
/* End PBXProject section */

/* Begin PBXResourcesBuildPhase section */
		41F5C7DC1AC12979003504C5 /* Resources */ = {
			isa = PBXResourcesBuildPhase;
			buildActionMask = 2147483647;
			files = (
				41F5C7E61AC12979003504C5 /* Images.xcassets in Resources */,
				41F5C7E91AC12979003504C5 /* MainMenu.xib in Resources */,
			);
			runOnlyForDeploymentPostprocessing = 0;
		};
		41F5C7EC1AC12979003504C5 /* Resources */ = {
			isa = PBXResourcesBuildPhase;
			buildActionMask = 2147483647;
			files = (
			);
			runOnlyForDeploymentPostprocessing = 0;
		};
/* End PBXResourcesBuildPhase section */

/* Begin PBXSourcesBuildPhase section */
		41F5C7DA1AC12979003504C5 /* Sources */ = {
			isa = PBXSourcesBuildPhase;
			buildActionMask = 2147483647;
			files = (
				41F5C8011AC129B7003504C5 /* SwiftFSWatcher.m in Sources */,
				41F5C7E41AC12979003504C5 /* AppDelegate.swift in Sources */,
			);
			runOnlyForDeploymentPostprocessing = 0;
		};
		41F5C7EA1AC12979003504C5 /* Sources */ = {
			isa = PBXSourcesBuildPhase;
			buildActionMask = 2147483647;
			files = (
				41F5C7F51AC12979003504C5 /* SwiftFSWatcherTests.swift in Sources */,
			);
			runOnlyForDeploymentPostprocessing = 0;
		};
/* End PBXSourcesBuildPhase section */

/* Begin PBXTargetDependency section */
		41F5C7F01AC12979003504C5 /* PBXTargetDependency */ = {
			isa = PBXTargetDependency;
			target = 41F5C7DD1AC12979003504C5 /* SwiftFSWatcher */;
			targetProxy = 41F5C7EF1AC12979003504C5 /* PBXContainerItemProxy */;
		};
/* End PBXTargetDependency section */

/* Begin PBXVariantGroup section */
		41F5C7E71AC12979003504C5 /* MainMenu.xib */ = {
			isa = PBXVariantGroup;
			children = (
				41F5C7E81AC12979003504C5 /* Base */,
			);
			name = MainMenu.xib;
			sourceTree = "<group>";
		};
/* End PBXVariantGroup section */

/* Begin XCBuildConfiguration section */
		41F5C7F61AC12979003504C5 /* Debug */ = {
			isa = XCBuildConfiguration;
			buildSettings = {
				ALWAYS_SEARCH_USER_PATHS = NO;
				CLANG_CXX_LANGUAGE_STANDARD = "gnu++0x";
				CLANG_CXX_LIBRARY = "libc++";
				CLANG_ENABLE_MODULES = YES;
				CLANG_ENABLE_OBJC_ARC = YES;
				CLANG_WARN_BOOL_CONVERSION = YES;
				CLANG_WARN_CONSTANT_CONVERSION = YES;
				CLANG_WARN_DIRECT_OBJC_ISA_USAGE = YES_ERROR;
				CLANG_WARN_EMPTY_BODY = YES;
				CLANG_WARN_ENUM_CONVERSION = YES;
				CLANG_WARN_INT_CONVERSION = YES;
				CLANG_WARN_OBJC_ROOT_CLASS = YES_ERROR;
				CLANG_WARN_UNREACHABLE_CODE = YES;
				CLANG_WARN__DUPLICATE_METHOD_MATCH = YES;
				CODE_SIGN_IDENTITY = "-";
				COPY_PHASE_STRIP = NO;
				ENABLE_STRICT_OBJC_MSGSEND = YES;
				GCC_C_LANGUAGE_STANDARD = gnu99;
				GCC_DYNAMIC_NO_PIC = NO;
				GCC_OPTIMIZATION_LEVEL = 0;
				GCC_PREPROCESSOR_DEFINITIONS = (
					"DEBUG=1",
					"$(inherited)",
				);
				GCC_SYMBOLS_PRIVATE_EXTERN = NO;
				GCC_WARN_64_TO_32_BIT_CONVERSION = YES;
				GCC_WARN_ABOUT_RETURN_TYPE = YES_ERROR;
				GCC_WARN_UNDECLARED_SELECTOR = YES;
				GCC_WARN_UNINITIALIZED_AUTOS = YES_AGGRESSIVE;
				GCC_WARN_UNUSED_FUNCTION = YES;
				GCC_WARN_UNUSED_VARIABLE = YES;
				MACOSX_DEPLOYMENT_TARGET = 10.10;
				MTL_ENABLE_DEBUG_INFO = YES;
				ONLY_ACTIVE_ARCH = YES;
				SDKROOT = macosx;
				SWIFT_OPTIMIZATION_LEVEL = "-Onone";
			};
			name = Debug;
		};
		41F5C7F71AC12979003504C5 /* Release */ = {
			isa = XCBuildConfiguration;
			buildSettings = {
				ALWAYS_SEARCH_USER_PATHS = NO;
				CLANG_CXX_LANGUAGE_STANDARD = "gnu++0x";
				CLANG_CXX_LIBRARY = "libc++";
				CLANG_ENABLE_MODULES = YES;
				CLANG_ENABLE_OBJC_ARC = YES;
				CLANG_WARN_BOOL_CONVERSION = YES;
				CLANG_WARN_CONSTANT_CONVERSION = YES;
				CLANG_WARN_DIRECT_OBJC_ISA_USAGE = YES_ERROR;
				CLANG_WARN_EMPTY_BODY = YES;
				CLANG_WARN_ENUM_CONVERSION = YES;
				CLANG_WARN_INT_CONVERSION = YES;
				CLANG_WARN_OBJC_ROOT_CLASS = YES_ERROR;
				CLANG_WARN_UNREACHABLE_CODE = YES;
				CLANG_WARN__DUPLICATE_METHOD_MATCH = YES;
				CODE_SIGN_IDENTITY = "-";
				COPY_PHASE_STRIP = NO;
				DEBUG_INFORMATION_FORMAT = "dwarf-with-dsym";
				ENABLE_NS_ASSERTIONS = NO;
				ENABLE_STRICT_OBJC_MSGSEND = YES;
				GCC_C_LANGUAGE_STANDARD = gnu99;
				GCC_WARN_64_TO_32_BIT_CONVERSION = YES;
				GCC_WARN_ABOUT_RETURN_TYPE = YES_ERROR;
				GCC_WARN_UNDECLARED_SELECTOR = YES;
				GCC_WARN_UNINITIALIZED_AUTOS = YES_AGGRESSIVE;
				GCC_WARN_UNUSED_FUNCTION = YES;
				GCC_WARN_UNUSED_VARIABLE = YES;
				MACOSX_DEPLOYMENT_TARGET = 10.10;
				MTL_ENABLE_DEBUG_INFO = NO;
				SDKROOT = macosx;
			};
			name = Release;
		};
		41F5C7F91AC12979003504C5 /* Debug */ = {
			isa = XCBuildConfiguration;
			buildSettings = {
				ASSETCATALOG_COMPILER_APPICON_NAME = AppIcon;
				COMBINE_HIDPI_IMAGES = YES;
				INFOPLIST_FILE = SwiftFSWatcher/Info.plist;
				LD_RUNPATH_SEARCH_PATHS = "$(inherited) @executable_path/../Frameworks";
				PRODUCT_NAME = "$(TARGET_NAME)";
				SWIFT_OBJC_BRIDGING_HEADER = SwiftFSWatcher/SwiftFSWatcher.h;
			};
			name = Debug;
		};
		41F5C7FA1AC12979003504C5 /* Release */ = {
			isa = XCBuildConfiguration;
			buildSettings = {
				ASSETCATALOG_COMPILER_APPICON_NAME = AppIcon;
				COMBINE_HIDPI_IMAGES = YES;
				INFOPLIST_FILE = SwiftFSWatcher/Info.plist;
				LD_RUNPATH_SEARCH_PATHS = "$(inherited) @executable_path/../Frameworks";
				PRODUCT_NAME = "$(TARGET_NAME)";
				SWIFT_OBJC_BRIDGING_HEADER = SwiftFSWatcher/SwiftFSWatcher.h;
			};
			name = Release;
		};
		41F5C7FC1AC12979003504C5 /* Debug */ = {
			isa = XCBuildConfiguration;
			buildSettings = {
				BUNDLE_LOADER = "$(TEST_HOST)";
				COMBINE_HIDPI_IMAGES = YES;
				FRAMEWORK_SEARCH_PATHS = (
					"$(DEVELOPER_FRAMEWORKS_DIR)",
					"$(inherited)",
				);
				GCC_PREPROCESSOR_DEFINITIONS = (
					"DEBUG=1",
					"$(inherited)",
				);
				INFOPLIST_FILE = SwiftFSWatcherTests/Info.plist;
				LD_RUNPATH_SEARCH_PATHS = "$(inherited) @executable_path/../Frameworks @loader_path/../Frameworks";
				PRODUCT_NAME = "$(TARGET_NAME)";
				TEST_HOST = "$(BUILT_PRODUCTS_DIR)/SwiftFSWatcher.app/Contents/MacOS/SwiftFSWatcher";
			};
			name = Debug;
		};
		41F5C7FD1AC12979003504C5 /* Release */ = {
			isa = XCBuildConfiguration;
			buildSettings = {
				BUNDLE_LOADER = "$(TEST_HOST)";
				COMBINE_HIDPI_IMAGES = YES;
				FRAMEWORK_SEARCH_PATHS = (
					"$(DEVELOPER_FRAMEWORKS_DIR)",
					"$(inherited)",
				);
				INFOPLIST_FILE = SwiftFSWatcherTests/Info.plist;
				LD_RUNPATH_SEARCH_PATHS = "$(inherited) @executable_path/../Frameworks @loader_path/../Frameworks";
				PRODUCT_NAME = "$(TARGET_NAME)";
				TEST_HOST = "$(BUILT_PRODUCTS_DIR)/SwiftFSWatcher.app/Contents/MacOS/SwiftFSWatcher";
			};
			name = Release;
		};
/* End XCBuildConfiguration section */

/* Begin XCConfigurationList section */
		41F5C7D91AC12979003504C5 /* Build configuration list for PBXProject "SwiftFSWatcher" */ = {
			isa = XCConfigurationList;
			buildConfigurations = (
				41F5C7F61AC12979003504C5 /* Debug */,
				41F5C7F71AC12979003504C5 /* Release */,
			);
			defaultConfigurationIsVisible = 0;
			defaultConfigurationName = Release;
		};
		41F5C7F81AC12979003504C5 /* Build configuration list for PBXNativeTarget "SwiftFSWatcher" */ = {
			isa = XCConfigurationList;
			buildConfigurations = (
				41F5C7F91AC12979003504C5 /* Debug */,
				41F5C7FA1AC12979003504C5 /* Release */,
			);
			defaultConfigurationIsVisible = 0;
		};
		41F5C7FB1AC12979003504C5 /* Build configuration list for PBXNativeTarget "SwiftFSWatcherTests" */ = {
			isa = XCConfigurationList;
			buildConfigurations = (
				41F5C7FC1AC12979003504C5 /* Debug */,
				41F5C7FD1AC12979003504C5 /* Release */,
			);
			defaultConfigurationIsVisible = 0;
		};
/* End XCConfigurationList section */
	};
	rootObject = 41F5C7D61AC12979003504C5 /* Project object */;
}
